
Microsoft Visual Studio Solution File, Format Version 12.00
# Visual Studio Version 17
VisualStudioVersion = 17.8.34330.188
MinimumVisualStudioVersion = 10.0.40219.1
Project("{FAE04EC0-301F-11D3-BF4B-00C04F79EFBC}") = "DeviceDetails", "DeviceDetails\DeviceDetails.csproj", "{9B82807C-0FCF-46F5-AEE0-FF204B0CFDFA}"
EndProject
Global
	GlobalSection(SolutionConfigurationPlatforms) = preSolution
		Debug|Any CPU = Debug|Any CPU
		Release|Any CPU = Release|Any CPU
	EndGlobalSection
	GlobalSection(ProjectConfigurationPlatforms) = postSolution
		{9B82807C-0FCF-46F5-AEE0-FF204B0CFDFA}.Debug|Any CPU.ActiveCfg = Debug|Any CPU
		{9B82807C-0FCF-46F5-AEE0-FF204B0CFDFA}.Debug|Any CPU.Build.0 = Debug|Any CPU
		{9B82807C-0FCF-46F5-AEE0-FF204B0CFDFA}.Debug|Any CPU.Deploy.0 = Debug|Any CPU
		{9B82807C-0FCF-46F5-AEE0-FF204B0CFDFA}.Release|Any CPU.ActiveCfg = Release|Any CPU
		{9B82807C-0FCF-46F5-AEE0-FF204B0CFDFA}.Release|Any CPU.Build.0 = Release|Any CPU
		{9B82807C-0FCF-46F5-AEE0-FF204B0CFDFA}.Release|Any CPU.Deploy.0 = Release|Any CPU
	EndGlobalSection
	GlobalSection(SolutionProperties) = preSolution
		HideSolutionNode = FALSE
	EndGlobalSection
	GlobalSection(ExtensibilityGlobals) = postSolution
		SolutionGuid = {2287740D-159C-43B0-919E-F81572254AA2}
	EndGlobalSection
EndGlobal
